NeoBundleLock MatchTagAlways e59a8d1315343ff76802f0a44ff8b59e999d83f4
NeoBundleLock SimpylFold 0dcebe564c427c3c862c15eddbd6ca82e5d0113e
NeoBundleLock SyntaxRange 74894260c0d1c281b5141df492495aa9c43fd620
NeoBundleLock angular-vim-snippets 1503f6b4c82e5cb0d10633c18f0761c516859edb
NeoBundleLock clever-f.vim 1f22df33307c1f3ef074c80fd8ef1078b78f79ba
NeoBundleLock delimitMate 8bc47fd1c40cdad9ea1f36c0cf13592c70ea65e9
NeoBundleLock deoplete-jedi 45a693debd75f0159a906556cea14ef3b205961b
NeoBundleLock deoplete.nvim 3e3517565eedf8c233abb5c13eb396707b66415a
NeoBundleLock editorconfig-vim ef035f51af3adb429aedb0f82f27fdd523f6bb35
NeoBundleLock emmet-vim 0ccaa29dbde268888be21705b0de5de89b59ef48
NeoBundleLock es.next.syntax.vim edd51d814ef6e3a13f4b59ca1bd0c761340ca927
NeoBundleLock github-complete.vim 527b25ce6c9c3690cd45a15c348fcbd7d962f4cd
NeoBundleLock goyo.vim cb697998cce4d5a50fb1749310147ae16b0d70e6
NeoBundleLock jellybeans.vim e0b9ef9ff42b91133d7da5d36d2c264994cc3cdd
NeoBundleLock jsdoc-syntax.vim 869802f47bf4912d3612bd214c879f861190886e
NeoBundleLock limelight.vim 153e3f7b78484eb4f5d69833ebf628f44b94996d
NeoBundleLock neco-look 86a5e98d02dc3a96e42e41921cae3f153db0edfa
NeoBundleLock neco-vim 54b6badb678036da96074e39df200d67f050f72c
NeoBundleLock neobundle.vim 6e696b19d8ff36bf754f901a6b7e42671e06b7a8
NeoBundleLock neoinclude.vim 40b5cc0f0e2a2989f06c282dbadc94f6ecf7d73b
NeoBundleLock neomake efed015f59001b2cf28e95bff24e87ff5764a62b
NeoBundleLock neosnippet-snippets 51c24c21d099a3a2c723632d192865ac76eacdde
NeoBundleLock neosnippet.vim bcb7620a852a542d0940a2ff691deb9da9309f07
NeoBundleLock nerdtree 4ebbb533c3faf2c480211db2b547972bb3b60f2b
NeoBundleLock nerdtree-git-plugin 2cc01be4e4246cfed534833c64624386d69a9ae3
NeoBundleLock nyaovim-popup-tooltip 8910d703f2e0a788fd0432d962cf94cd6223bc1e
NeoBundleLock oceanic-next 286cccf7458e4bf4393c4e952fdade36d93cfe10
NeoBundleLock tcomment_vim 7c4277754b6b77fb80b47cd4a7384d1e2d6c1538
NeoBundleLock unite-codesearch 85a1a2916106fa9c5485b878f0505a7b9c15fa9f
NeoBundleLock unite-colorscheme 3aa33866a183f7659594a3f6b66b2334eaebc6a0
NeoBundleLock unite-outline 1d32a29d7069cb88d85cf4988cc35c8f18ec5543
NeoBundleLock unite.vim c9d2ced6b993653a7ebbc572039f8d03ba2b997f
NeoBundleLock vim-airline 410429a95c67eed8eeb26681838d3766a2437806
NeoBundleLock vim-airline-themes 13bad30d4ee3892cae755c83433ee85fbc96d028
NeoBundleLock vim-autoformat 978e4ece4f342e06a5410676a28a78f164e6d0e2
NeoBundleLock vim-better-javascript-completion da420c9dbaa107de4e3e12f2d7dbee1279251eb2
NeoBundleLock vim-css-color 81ce9558b0f5c8f0b015042415566f02360c67d0
NeoBundleLock vim-css3-syntax 3993c90e1dba47975feaf726459cf19aaf2155f4
NeoBundleLock vim-devicons f8841e2bd46e9fed95c0389190e3ef1b6ba77440
NeoBundleLock vim-fugitive 19d1c944dbf59f252135688018610a12ce5718b4
NeoBundleLock vim-instant-markdown 915c6812d45c00e5ad85c8147c6179743a41ae11
NeoBundleLock vim-json f5e3181d0b33a9c51377bb7ea8492feddca8b503
NeoBundleLock vim-markdown 4260faa48f5b89261f1168d4a1ad195106f5959c
NeoBundleLock vim-multiple-cursors 47c9e3fb11a202a9a2fa1d591ec990a41e4221c4
NeoBundleLock vim-repeat 7a6675f092842c8f81e71d5345bd7cdbf3759415
NeoBundleLock vim-sayonara 1537469904b051e5d15ef108d2ef0d9ab60836b4
NeoBundleLock vim-snippets b66ede5e0f7e5d5c637904e4a0f3241c75c6705b
NeoBundleLock vim-surround 2d05440ad23f97a7874ebd9b5de3a0e65d25d85c
NeoBundleLock vimagit b0aabad79acae184a79abc2b7811907eadd87270
NeoBundleLock vimfiler.vim 95d40001555f1a8b753ec34a864fb4e1f6ebafd8
NeoBundleLock vimproc.vim 3ab0a236e65b277670266c1187da9a49064c1500
NeoBundleLock yajs.vim 4301cbc0687b70ca5ceeeebf56ad373cc0d7852f
